
Microsoft Visual Studio Solution File, Format Version 12.00
# Visual Studio Version 16
VisualStudioVersion = 16.0.28803.156
MinimumVisualStudioVersion = 10.0.40219.1
Project("{FAE04EC0-301F-11D3-BF4B-00C04F79EFBC}") = "PRO", "PRO\PRO.csproj", "{AB29C905-C070-4F44-92D6-1EF2E676A61F}"
EndProject
Global
	GlobalSection(SolutionConfigurationPlatforms) = preSolution
		Debug|Any CPU = Debug|Any CPU
		Release|Any CPU = Release|Any CPU
	EndGlobalSection
	GlobalSection(ProjectConfigurationPlatforms) = postSolution
		{AB29C905-C070-4F44-92D6-1EF2E676A61F}.Debug|Any CPU.ActiveCfg = Debug|Any CPU
		{AB29C905-C070-4F44-92D6-1EF2E676A61F}.Debug|Any CPU.Build.0 = Debug|Any CPU
		{AB29C905-C070-4F44-92D6-1EF2E676A61F}.Release|Any CPU.ActiveCfg = Release|Any CPU
		{AB29C905-C070-4F44-92D6-1EF2E676A61F}.Release|Any CPU.Build.0 = Release|Any CPU
	EndGlobalSection
	GlobalSection(SolutionProperties) = preSolution
		HideSolutionNode = FALSE
	EndGlobalSection
	GlobalSection(ExtensibilityGlobals) = postSolution
		SolutionGuid = {CC8FEE23-BF3A-44A4-A946-41B91B100D50}
	EndGlobalSection
EndGlobal
